github.com/go-ego/gse v1.0.2 h1:+27lYFPhQEhA9igtdOsJPRKYL/k3TwYsxBF5jr6KFv4=
github.com/go-ego/gse v1.0.2/go.mod h1:Fy35G+q7VV7Et1zIKO8o/sW1kkugV3znXap/lF/11zc=
github.com/vcaesar/cedar v0.30.0 h1:9fSDpM7FTjjUdPiBUUa0MWYMRGSEcqgFXvppZcZ4d7Y=
github.com/vcaesar/cedar v0.30.0/go.mod h1:lyuGvALuZZDPNXwpzv/9LyxW+8Y6faN7zauFezNsnik=
